Microsoft Visual Studio Solution File, Format Version 11.00
# Visual Studio 2008

Project("{903068A7-6195-FF94-0658-BE202BE74BDF}") = "Electrical Project", "Assembly-CSharp.csproj", "{928B1A1B-75E7-3BD4-7BF4-63572308B804}"
EndProject
Global
	GlobalSection(SolutionConfigurationPlatforms) = preSolution
		Debug|Any CPU = Debug|Any CPU
		Release|Any CPU = Release|Any CPU
	EndGlobalSection
	GlobalSection(ProjectConfigurationPlatforms) = postSolution
		{928B1A1B-75E7-3BD4-7BF4-63572308B804}.Debug|Any CPU.ActiveCfg = Debug|Any CPU
		{928B1A1B-75E7-3BD4-7BF4-63572308B804}.Debug|Any CPU.Build.0 = Debug|Any CPU
		{928B1A1B-75E7-3BD4-7BF4-63572308B804}.Release|Any CPU.ActiveCfg = Release|Any CPU
		{928B1A1B-75E7-3BD4-7BF4-63572308B804}.Release|Any CPU.Build.0 = Release|Any CPU
	EndGlobalSection
	GlobalSection(SolutionProperties) = preSolution
		HideSolutionNode = FALSE
	EndGlobalSection
	GlobalSection(MonoDevelopProperties) = preSolution
		StartupItem = Assembly-CSharp.csproj
	EndGlobalSection
EndGlobal
